
Microsoft Visual Studio Solution File, Format Version 12.00
# Visual Studio Version 16
VisualStudioVersion = 16.0.30517.126
MinimumVisualStudioVersion = 10.0.40219.1
Project("{9A19103F-16F7-4668-BE54-9A1E7A4F7556}") = "Sample", "Sample\Sample.csproj", "{4D0714B9-FB04-4DDB-BFF5-98BE2A17E371}"
EndProject
Project("{9A19103F-16F7-4668-BE54-9A1E7A4F7556}") = "Settings", "Settings\Settings.csproj", "{CE47879D-5BAC-4557-A9B4-2A88B5415154}"
EndProject
Project("{9A19103F-16F7-4668-BE54-9A1E7A4F7556}") = "SettingsTests", "SettingsTests\SettingsTests.csproj", "{B5841271-0438-4787-837C-E54067459C86}"
EndProject
Project("{9A19103F-16F7-4668-BE54-9A1E7A4F7556}") = "Settings.Wpf", "Settings.Wpf\Settings.Wpf.csproj", "{CA06670C-B829-4AEF-9052-35AE54195011}"
EndProject
Global
	GlobalSection(SolutionConfigurationPlatforms) = preSolution
		Debug|Any CPU = Debug|Any CPU
		Release|Any CPU = Release|Any CPU
	EndGlobalSection
	GlobalSection(ProjectConfigurationPlatforms) = postSolution
		{4D0714B9-FB04-4DDB-BFF5-98BE2A17E371}.Debug|Any CPU.ActiveCfg = Debug|Any CPU
		{4D0714B9-FB04-4DDB-BFF5-98BE2A17E371}.Debug|Any CPU.Build.0 = Debug|Any CPU
		{4D0714B9-FB04-4DDB-BFF5-98BE2A17E371}.Release|Any CPU.ActiveCfg = Release|Any CPU
		{4D0714B9-FB04-4DDB-BFF5-98BE2A17E371}.Release|Any CPU.Build.0 = Release|Any CPU
		{CE47879D-5BAC-4557-A9B4-2A88B5415154}.Debug|Any CPU.ActiveCfg = Debug|Any CPU
		{CE47879D-5BAC-4557-A9B4-2A88B5415154}.Debug|Any CPU.Build.0 = Debug|Any CPU
		{CE47879D-5BAC-4557-A9B4-2A88B5415154}.Release|Any CPU.ActiveCfg = Release|Any CPU
		{CE47879D-5BAC-4557-A9B4-2A88B5415154}.Release|Any CPU.Build.0 = Release|Any CPU
		{B5841271-0438-4787-837C-E54067459C86}.Debug|Any CPU.ActiveCfg = Debug|Any CPU
		{B5841271-0438-4787-837C-E54067459C86}.Debug|Any CPU.Build.0 = Debug|Any CPU
		{B5841271-0438-4787-837C-E54067459C86}.Release|Any CPU.ActiveCfg = Release|Any CPU
		{B5841271-0438-4787-837C-E54067459C86}.Release|Any CPU.Build.0 = Release|Any CPU
		{CA06670C-B829-4AEF-9052-35AE54195011}.Debug|Any CPU.ActiveCfg = Debug|Any CPU
		{CA06670C-B829-4AEF-9052-35AE54195011}.Debug|Any CPU.Build.0 = Debug|Any CPU
		{CA06670C-B829-4AEF-9052-35AE54195011}.Release|Any CPU.ActiveCfg = Release|Any CPU
		{CA06670C-B829-4AEF-9052-35AE54195011}.Release|Any CPU.Build.0 = Release|Any CPU
	EndGlobalSection
	GlobalSection(SolutionProperties) = preSolution
		HideSolutionNode = FALSE
	EndGlobalSection
	GlobalSection(ExtensibilityGlobals) = postSolution
		SolutionGuid = {7F3592B9-54F6-4447-A46B-2DD468F4FD0E}
	EndGlobalSection
EndGlobal
